
Microsoft Visual Studio Solution File, Format Version 12.00
# Visual Studio Version 17
VisualStudioVersion = 17.5.33530.505
MinimumVisualStudioVersion = 10.0.40219.1
Project("{9A19103F-16F7-4668-BE54-9A1E7A4F7556}") = "DemoAPI", "DemoAPI.csproj", "{E4B922FA-7D8D-4597-BBA3-7CA4789168DD}"
EndProject
Project("{9A19103F-16F7-4668-BE54-9A1E7A4F7556}") = "BankHolidaysFunctionApp", "..\BankHolidaysFunctionApp\BankHolidaysFunctionApp.csproj", "{BC49DE48-36C9-45FA-A9C0-DAC8845CD181}"
EndProject
Project("{9A19103F-16F7-4668-BE54-9A1E7A4F7556}") = "DemoAPIMemoryLibrary", "..\DemoAPIMemoryLibrary\DemoAPIMemoryLibrary.csproj", "{EBCF4787-6A2C-417E-BF82-67F5AC0F27A4}"
EndProject
Project("{9A19103F-16F7-4668-BE54-9A1E7A4F7556}") = "DemoAPIDataAccess", "..\DemoAPIDataAccess\DemoAPIDataAccess.csproj", "{1BAE59F6-39D0-42F3-8AB0-CBC761153512}"
EndProject
Project("{9A19103F-16F7-4668-BE54-9A1E7A4F7556}") = "DemoAPIModels", "..\DemoAPIModels\DemoAPIModels.csproj", "{0CF13426-0936-4097-B17E-3044C846333E}"
EndProject
Project("{2150E333-8FDC-42A3-9474-1A3956D46DE8}") = "Solution Items", "Solution Items", "{E47B13FF-DA73-4F1E-939E-F820F850C01F}"
	ProjectSection(SolutionItems) = preProject
		..\db.sql = ..\db.sql
	EndProjectSection
EndProject
Global
	GlobalSection(SolutionConfigurationPlatforms) = preSolution
		Debug|Any CPU = Debug|Any CPU
		Release|Any CPU = Release|Any CPU
	EndGlobalSection
	GlobalSection(ProjectConfigurationPlatforms) = postSolution
		{E4B922FA-7D8D-4597-BBA3-7CA4789168DD}.Debug|Any CPU.ActiveCfg = Debug|Any CPU
		{E4B922FA-7D8D-4597-BBA3-7CA4789168DD}.Debug|Any CPU.Build.0 = Debug|Any CPU
		{E4B922FA-7D8D-4597-BBA3-7CA4789168DD}.Release|Any CPU.ActiveCfg = Release|Any CPU
		{E4B922FA-7D8D-4597-BBA3-7CA4789168DD}.Release|Any CPU.Build.0 = Release|Any CPU
		{BC49DE48-36C9-45FA-A9C0-DAC8845CD181}.Debug|Any CPU.ActiveCfg = Debug|Any CPU
		{BC49DE48-36C9-45FA-A9C0-DAC8845CD181}.Debug|Any CPU.Build.0 = Debug|Any CPU
		{BC49DE48-36C9-45FA-A9C0-DAC8845CD181}.Release|Any CPU.ActiveCfg = Release|Any CPU
		{BC49DE48-36C9-45FA-A9C0-DAC8845CD181}.Release|Any CPU.Build.0 = Release|Any CPU
		{EBCF4787-6A2C-417E-BF82-67F5AC0F27A4}.Debug|Any CPU.ActiveCfg = Debug|Any CPU
		{EBCF4787-6A2C-417E-BF82-67F5AC0F27A4}.Debug|Any CPU.Build.0 = Debug|Any CPU
		{EBCF4787-6A2C-417E-BF82-67F5AC0F27A4}.Release|Any CPU.ActiveCfg = Release|Any CPU
		{EBCF4787-6A2C-417E-BF82-67F5AC0F27A4}.Release|Any CPU.Build.0 = Release|Any CPU
		{1BAE59F6-39D0-42F3-8AB0-CBC761153512}.Debug|Any CPU.ActiveCfg = Debug|Any CPU
		{1BAE59F6-39D0-42F3-8AB0-CBC761153512}.Debug|Any CPU.Build.0 = Debug|Any CPU
		{1BAE59F6-39D0-42F3-8AB0-CBC761153512}.Release|Any CPU.ActiveCfg = Release|Any CPU
		{1BAE59F6-39D0-42F3-8AB0-CBC761153512}.Release|Any CPU.Build.0 = Release|Any CPU
		{0CF13426-0936-4097-B17E-3044C846333E}.Debug|Any CPU.ActiveCfg = Debug|Any CPU
		{0CF13426-0936-4097-B17E-3044C846333E}.Debug|Any CPU.Build.0 = Debug|Any CPU
		{0CF13426-0936-4097-B17E-3044C846333E}.Release|Any CPU.ActiveCfg = Release|Any CPU
		{0CF13426-0936-4097-B17E-3044C846333E}.Release|Any CPU.Build.0 = Release|Any CPU
	EndGlobalSection
	GlobalSection(SolutionProperties) = preSolution
		HideSolutionNode = FALSE
	EndGlobalSection
	GlobalSection(ExtensibilityGlobals) = postSolution
		SolutionGuid = {9E200623-A172-4CCF-AC6F-9E4B4AE4C3F9}
	EndGlobalSection
EndGlobal
